
Microsoft Visual Studio Solution File, Format Version 12.00
# Visual Studio Version 17
VisualStudioVersion = 17.5.33530.505
MinimumVisualStudioVersion = 10.0.40219.1
Project("{8BC9CEB8-8B4A-11D0-8D11-00A0C91BC942}") = "Hashtable", "Hashtable\Hashtable.vcxproj", "{51F29F55-4FC9-4E3A-98B8-0D75DAE45576}"
EndProject
Global
	GlobalSection(SolutionConfigurationPlatforms) = preSolution
		Debug|x64 = Debug|x64
		Debug|x86 = Debug|x86
		Release|x64 = Release|x64
		Release|x86 = Release|x86
	EndGlobalSection
	GlobalSection(ProjectConfigurationPlatforms) = postSolution
		{51F29F55-4FC9-4E3A-98B8-0D75DAE45576}.Debug|x64.ActiveCfg = Debug|x64
		{51F29F55-4FC9-4E3A-98B8-0D75DAE45576}.Debug|x64.Build.0 = Debug|x64
		{51F29F55-4FC9-4E3A-98B8-0D75DAE45576}.Debug|x86.ActiveCfg = Debug|Win32
		{51F29F55-4FC9-4E3A-98B8-0D75DAE45576}.Debug|x86.Build.0 = Debug|Win32
		{51F29F55-4FC9-4E3A-98B8-0D75DAE45576}.Release|x64.ActiveCfg = Release|x64
		{51F29F55-4FC9-4E3A-98B8-0D75DAE45576}.Release|x64.Build.0 = Release|x64
		{51F29F55-4FC9-4E3A-98B8-0D75DAE45576}.Release|x86.ActiveCfg = Release|Win32
		{51F29F55-4FC9-4E3A-98B8-0D75DAE45576}.Release|x86.Build.0 = Release|Win32
	EndGlobalSection
	GlobalSection(SolutionProperties) = preSolution
		HideSolutionNode = FALSE
	EndGlobalSection
	GlobalSection(ExtensibilityGlobals) = postSolution
		SolutionGuid = {0B82B0A3-466A-4412-9874-7A908DA2DD6A}
	EndGlobalSection
EndGlobal
